
Microsoft Visual Studio Solution File, Format Version 12.00
# Visual Studio Version 17
VisualStudioVersion = 17.3.32922.545
MinimumVisualStudioVersion = 10.0.40219.1
Project("{FAE04EC0-301F-11D3-BF4B-00C04F79EFBC}") = "14_Pokemon", "14_Pokemon.csproj", "{2AE57809-BF67-4877-ADE3-9430BCE12021}"
EndProject
Global
	GlobalSection(SolutionConfigurationPlatforms) = preSolution
		Debug|Any CPU = Debug|Any CPU
		Release|Any CPU = Release|Any CPU
	EndGlobalSection
	GlobalSection(ProjectConfigurationPlatforms) = postSolution
		{2AE57809-BF67-4877-ADE3-9430BCE12021}.Debug|Any CPU.ActiveCfg = Debug|Any CPU
		{2AE57809-BF67-4877-ADE3-9430BCE12021}.Debug|Any CPU.Build.0 = Debug|Any CPU
		{2AE57809-BF67-4877-ADE3-9430BCE12021}.Release|Any CPU.ActiveCfg = Release|Any CPU
		{2AE57809-BF67-4877-ADE3-9430BCE12021}.Release|Any CPU.Build.0 = Release|Any CPU
	EndGlobalSection
	GlobalSection(SolutionProperties) = preSolution
		HideSolutionNode = FALSE
	EndGlobalSection
	GlobalSection(ExtensibilityGlobals) = postSolution
		SolutionGuid = {36E418E9-DEEB-4E6E-AFE7-D74B1BB51CA5}
	EndGlobalSection
EndGlobal
